
Microsoft Visual Studio Solution File, Format Version 12.00
# Visual Studio Version 17
VisualStudioVersion = 17.3.32819.101
MinimumVisualStudioVersion = 10.0.40219.1
Project("{FAE04EC0-301F-11D3-BF4B-00C04F79EFBC}") = "TGraphingApp", "TGraphingApp\TGraphingApp.csproj", "{4C64568F-D5F8-483B-A9E4-18F079908AF6}"
EndProject
Global
	GlobalSection(SolutionConfigurationPlatforms) = preSolution
		Debug|Any CPU = Debug|Any CPU
		Release|Any CPU = Release|Any CPU
	EndGlobalSection
	GlobalSection(ProjectConfigurationPlatforms) = postSolution
		{4C64568F-D5F8-483B-A9E4-18F079908AF6}.Debug|Any CPU.ActiveCfg = Debug|Any CPU
		{4C64568F-D5F8-483B-A9E4-18F079908AF6}.Debug|Any CPU.Build.0 = Debug|Any CPU
		{4C64568F-D5F8-483B-A9E4-18F079908AF6}.Release|Any CPU.ActiveCfg = Release|Any CPU
		{4C64568F-D5F8-483B-A9E4-18F079908AF6}.Release|Any CPU.Build.0 = Release|Any CPU
	EndGlobalSection
	GlobalSection(SolutionProperties) = preSolution
		HideSolutionNode = FALSE
	EndGlobalSection
	GlobalSection(ExtensibilityGlobals) = postSolution
		SolutionGuid = {46EAB309-90E4-4718-9EA7-028FBCB3E5AE}
	EndGlobalSection
EndGlobal
